// !$*UTF8*$!
{
	archiveVersion = 1;
	classes = {
	};
	objectVersion = 46;
	objects = {

/* Begin PBXBuildFile section */
		96FB0B1B1D78275A000CB128 /* AppDelegate.swift in Sources */ = {isa = PBXBuildFile; fileRef = 96FB0B1A1D78275A000CB128 /* AppDelegate.swift */; };
		96FB0B1D1D78275A000CB128 /* ViewController.swift in Sources */ = {isa = PBXBuildFile; fileRef = 96FB0B1C1D78275A000CB128 /* ViewController.swift */; };
		96FB0B201D78275A000CB128 /* Main.storyboard in Resources */ = {isa = PBXBuildFile; fileRef = 96FB0B1E1D78275A000CB128 /* Main.storyboard */; };
		96FB0B221D78275A000CB128 /* Assets.xcassets in Resources */ = {isa = PBXBuildFile; fileRef = 96FB0B211D78275A000CB128 /* Assets.xcassets */; };
		96FB0B251D78275A000CB128 /* LaunchScreen.storyboard in Resources */ = {isa = PBXBuildFile; fileRef = 96FB0B231D78275A000CB128 /* LaunchScreen.storyboard */; };
		96FB0B301D78275A000CB128 /* swiftTestTests.swift in Sources */ = {isa = PBXBuildFile; fileRef = 96FB0B2F1D78275A000CB128 /* swiftTestTests.swift */; };
		96FB0B3B1D78275A000CB128 /* swiftTestUITests.swift in Sources */ = {isa = PBXBuildFile; fileRef = 96FB0B3A1D78275A000CB128 /* swiftTestUITests.swift */; };
/* End PBXBuildFile section */

/* Begin PBXContainerItemProxy section */
		96FB0B2C1D78275A000CB128 /* PBXContainerItemProxy */ = {
			isa = PBXContainerItemProxy;
			containerPortal = 96FB0B0F1D78275A000CB128 /* Project object */;
			proxyType = 1;
			remoteGlobalIDString = 96FB0B161D78275A000CB128;
			remoteInfo = swiftTest;
		};
		96FB0B371D78275A000CB128 /* PBXContainerItemProxy */ = {
			isa = PBXContainerItemProxy;
			containerPortal = 96FB0B0F1D78275A000CB128 /* Project object */;
			proxyType = 1;
			remoteGlobalIDString = 96FB0B161D78275A000CB128;
			remoteInfo = swiftTest;
		};
/* End PBXContainerItemProxy section */

/* Begin PBXFileReference section */
		96FB0B171D78275A000CB128 /* swiftTest.app */ = {isa = PBXFileReference; explicitFileType = wrapper.application; includeInIndex = 0; path = swiftTest.app; sourceTree = BUILT_PRODUCTS_DIR; };
		96FB0B1A1D78275A000CB128 /* AppDelegate.swift */ = {isa = PBXFileReference; lastKnownFileType = sourcecode.swift; path = AppDelegate.swift; sourceTree = "<group>"; };
		96FB0B1C1D78275A000CB128 /* ViewController.swift */ = {isa = PBXFileReference; lastKnownFileType = sourcecode.swift; path = ViewController.swift; sourceTree = "<group>"; };
		96FB0B1F1D78275A000CB128 /* Base */ = {isa = PBXFileReference; lastKnownFileType = file.storyboard; name = Base; path = Base.lproj/Main.storyboard; sourceTree = "<group>"; };
		96FB0B211D78275A000CB128 /* Assets.xcassets */ = {isa = PBXFileReference; lastKnownFileType = folder.assetcatalog; path = Assets.xcassets; sourceTree = "<group>"; };
		96FB0B241D78275A000CB128 /* Base */ = {isa = PBXFileReference; lastKnownFileType = file.storyboard; name = Base; path = Base.lproj/LaunchScreen.storyboard; sourceTree = "<group>"; };
		96FB0B261D78275A000CB128 /* Info.plist */ = {isa = PBXFileReference; lastKnownFileType = text.plist.xml; path = Info.plist; sourceTree = "<group>"; };
		96FB0B2B1D78275A000CB128 /* swiftTestTests.xctest */ = {isa = PBXFileReference; explicitFileType = wrapper.cfbundle; includeInIndex = 0; path = swiftTestTests.xctest; sourceTree = BUILT_PRODUCTS_DIR; };
		96FB0B2F1D78275A000CB128 /* swiftTestTests.swift */ = {isa = PBXFileReference; lastKnownFileType = sourcecode.swift; path = swiftTestTests.swift; sourceTree = "<group>"; };
		96FB0B311D78275A000CB128 /* Info.plist */ = {isa = PBXFileReference; lastKnownFileType = text.plist.xml; path = Info.plist; sourceTree = "<group>"; };
		96FB0B361D78275A000CB128 /* swiftTestUITests.xctest */ = {isa = PBXFileReference; explicitFileType = wrapper.cfbundle; includeInIndex = 0; path = swiftTestUITests.xctest; sourceTree = BUILT_PRODUCTS_DIR; };
		96FB0B3A1D78275A000CB128 /* swiftTestUITests.swift */ = {isa = PBXFileReference; lastKnownFileType = sourcecode.swift; path = swiftTestUITests.swift; sourceTree = "<group>"; };
		96FB0B3C1D78275A000CB128 /* Info.plist */ = {isa = PBXFileReference; lastKnownFileType = text.plist.xml; path = Info.plist; sourceTree = "<group>"; };
/* End PBXFileReference section */

/* Begin PBXFrameworksBuildPhase section */
		96FB0B141D78275A000CB128 /* Frameworks */ = {
			isa = PBXFrameworksBuildPhase;
			buildActionMask = 2147483647;
			files = (
			);
			runOnlyForDeploymentPostprocessing = 0;
		};
		96FB0B281D78275A000CB128 /* Frameworks */ = {
			isa = PBXFrameworksBuildPhase;
			buildActionMask = 2147483647;
			files = (
			);
			runOnlyForDeploymentPostprocessing = 0;
		};
		96FB0B331D78275A000CB128 /* Frameworks */ = {
			isa = PBXFrameworksBuildPhase;
			buildActionMask = 2147483647;
			files = (
			);
			runOnlyForDeploymentPostprocessing = 0;
		};
/* End PBXFrameworksBuildPhase section */

/* Begin PBXGroup section */
		96FB0B0E1D78275A000CB128 = {
			isa = PBXGroup;
			children = (
				96FB0B191D78275A000CB128 /* swiftTest */,
				96FB0B2E1D78275A000CB128 /* swiftTestTests */,
				96FB0B391D78275A000CB128 /* swiftTestUITests */,
				96FB0B181D78275A000CB128 /* Products */,
			);
			sourceTree = "<group>";
		};
		96FB0B181D78275A000CB128 /* Products */ = {
			isa = PBXGroup;
			children = (
				96FB0B171D78275A000CB128 /* swiftTest.app */,
				96FB0B2B1D78275A000CB128 /* swiftTestTests.xctest */,
				96FB0B361D78275A000CB128 /* swiftTestUITests.xctest */,
			);
			name = Products;
			sourceTree = "<group>";
		};
		96FB0B191D78275A000CB128 /* swiftTest */ = {
			isa = PBXGroup;
			children = (
				96FB0B1A1D78275A000CB128 /* AppDelegate.swift */,
				96FB0B1C1D78275A000CB128 /* ViewController.swift */,
				96FB0B1E1D78275A000CB128 /* Main.storyboard */,
				96FB0B211D78275A000CB128 /* Assets.xcassets */,
				96FB0B231D78275A000CB128 /* LaunchScreen.storyboard */,
				96FB0B261D78275A000CB128 /* Info.plist */,
			);
			path = swiftTest;
			sourceTree = "<group>";
		};
		96FB0B2E1D78275A000CB128 /* swiftTestTests */ = {
			isa = PBXGroup;
			children = (
				96FB0B2F1D78275A000CB128 /* swiftTestTests.swift */,
				96FB0B311D78275A000CB128 /* Info.plist */,
			);
			path = swiftTestTests;
			sourceTree = "<group>";
		};
		96FB0B391D78275A000CB128 /* swiftTestUITests */ = {
			isa = PBXGroup;
			children = (
				96FB0B3A1D78275A000CB128 /* swiftTestUITests.swift */,
				96FB0B3C1D78275A000CB128 /* Info.plist */,
			);
			path = swiftTestUITests;
			sourceTree = "<group>";
		};
/* End PBXGroup section */

/* Begin PBXNativeTarget section */
		96FB0B161D78275A000CB128 /* swiftTest */ = {
			isa = PBXNativeTarget;
			buildConfigurationList = 96FB0B3F1D78275A000CB128 /* Build configuration list for PBXNativeTarget "swiftTest" */;
			buildPhases = (
				96FB0B131D78275A000CB128 /* Sources */,
				96FB0B141D78275A000CB128 /* Frameworks */,
				96FB0B151D78275A000CB128 /* Resources */,
			);
			buildRules = (
			);
			dependencies = (
			);
			name = swiftTest;
			productName = swiftTest;
			productReference = 96FB0B171D78275A000CB128 /* swiftTest.app */;
			productType = "com.apple.product-type.application";
		};
		96FB0B2A1D78275A000CB128 /* swiftTestTests */ = {
			isa = PBXNativeTarget;
			buildConfigurationList = 96FB0B421D78275A000CB128 /* Build configuration list for PBXNativeTarget "swiftTestTests" */;
			buildPhases = (
				96FB0B271D78275A000CB128 /* Sources */,
				96FB0B281D78275A000CB128 /* Frameworks */,
				96FB0B291D78275A000CB128 /* Resources */,
			);
			buildRules = (
			);
			dependencies = (
				96FB0B2D1D78275A000CB128 /* PBXTargetDependency */,
			);
			name = swiftTestTests;
			productName = swiftTestTests;
			productReference = 96FB0B2B1D78275A000CB128 /* swiftTestTests.xctest */;
			productType = "com.apple.product-type.bundle.unit-test";
		};
		96FB0B351D78275A000CB128 /* swiftTestUITests */ = {
			isa = PBXNativeTarget;
			buildConfigurationList = 96FB0B451D78275A000CB128 /* Build configuration list for PBXNativeTarget "swiftTestUITests" */;
			buildPhases = (
				96FB0B321D78275A000CB128 /* Sources */,
				96FB0B331D78275A000CB128 /* Frameworks */,
				96FB0B341D78275A000CB128 /* Resources */,
			);
			buildRules = (
			);
			dependencies = (
				96FB0B381D78275A000CB128 /* PBXTargetDependency */,
			);
			name = swiftTestUITests;
			productName = swiftTestUITests;
			productReference = 96FB0B361D78275A000CB128 /* swiftTestUITests.xctest */;
			productType = "com.apple.product-type.bundle.ui-testing";
		};
/* End PBXNativeTarget section */

/* Begin PBXProject section */
		96FB0B0F1D78275A000CB128 /* Project object */ = {
			isa = PBXProject;
			attributes = {
				LastSwiftUpdateCheck = 0730;
				LastUpgradeCheck = 0730;
				ORGANIZATIONNAME = "廖小粤";
				TargetAttributes = {
					96FB0B161D78275A000CB128 = {
						CreatedOnToolsVersion = 7.3.1;
						DevelopmentTeam = YG8UH39XN7;
					};
					96FB0B2A1D78275A000CB128 = {
						CreatedOnToolsVersion = 7.3.1;
						DevelopmentTeam = YG8UH39XN7;
						TestTargetID = 96FB0B161D78275A000CB128;
					};
					96FB0B351D78275A000CB128 = {
						CreatedOnToolsVersion = 7.3.1;
						DevelopmentTeam = YG8UH39XN7;
						TestTargetID = 96FB0B161D78275A000CB128;
					};
				};
			};
			buildConfigurationList = 96FB0B121D78275A000CB128 /* Build configuration list for PBXProject "swiftTest" */;
			compatibilityVersion = "Xcode 3.2";
			developmentRegion = English;
			hasScannedForEncodings = 0;
			knownRegions = (
				en,
				Base,
			);
			mainGroup = 96FB0B0E1D78275A000CB128;
			productRefGroup = 96FB0B181D78275A000CB128 /* Products */;
			projectDirPath = "";
			projectRoot = "";
			targets = (
				96FB0B161D78275A000CB128 /* swiftTest */,
				96FB0B2A1D78275A000CB128 /* swiftTestTests */,
				96FB0B351D78275A000CB128 /* swiftTestUITests */,
			);
		};
/* End PBXProject section */

/* Begin PBXResourcesBuildPhase section */
		96FB0B151D78275A000CB128 /* Resources */ = {
			isa = PBXResourcesBuildPhase;
			buildActionMask = 2147483647;
			files = (
				96FB0B251D78275A000CB128 /* LaunchScreen.storyboard in Resources */,
				96FB0B221D78275A000CB128 /* Assets.xcassets in Resources */,
				96FB0B201D78275A000CB128 /* Main.storyboard in Resources */,
			);
			runOnlyForDeploymentPostprocessing = 0;
		};
		96FB0B291D78275A000CB128 /* Resources */ = {
			isa = PBXResourcesBuildPhase;
			buildActionMask = 2147483647;
			files = (
			);
			runOnlyForDeploymentPostprocessing = 0;
		};
		96FB0B341D78275A000CB128 /* Resources */ = {
			isa = PBXResourcesBuildPhase;
			buildActionMask = 2147483647;
			files = (
			);
			runOnlyForDeploymentPostprocessing = 0;
		};
/* End PBXResourcesBuildPhase section */

/* Begin PBXSourcesBuildPhase section */
		96FB0B131D78275A000CB128 /* Sources */ = {
			isa = PBXSourcesBuildPhase;
			buildActionMask = 2147483647;
			files = (
				96FB0B1D1D78275A000CB128 /* ViewController.swift in Sources */,
				96FB0B1B1D78275A000CB128 /* AppDelegate.swift in Sources */,
			);
			runOnlyForDeploymentPostprocessing = 0;
		};
		96FB0B271D78275A000CB128 /* Sources */ = {
			isa = PBXSourcesBuildPhase;
			buildActionMask = 2147483647;
			files = (
				96FB0B301D78275A000CB128 /* swiftTestTests.swift in Sources */,
			);
			runOnlyForDeploymentPostprocessing = 0;
		};
		96FB0B321D78275A000CB128 /* Sources */ = {
			isa = PBXSourcesBuildPhase;
			buildActionMask = 2147483647;
			files = (
				96FB0B3B1D78275A000CB128 /* swiftTestUITests.swift in Sources */,
			);
			runOnlyForDeploymentPostprocessing = 0;
		};
/* End PBXSourcesBuildPhase section */

/* Begin PBXTargetDependency section */
		96FB0B2D1D78275A000CB128 /* PBXTargetDependency */ = {
			isa = PBXTargetDependency;
			target = 96FB0B161D78275A000CB128 /* swiftTest */;
			targetProxy = 96FB0B2C1D78275A000CB128 /* PBXContainerItemProxy */;
		};
		96FB0B381D78275A000CB128 /* PBXTargetDependency */ = {
			isa = PBXTargetDependency;
			target = 96FB0B161D78275A000CB128 /* swiftTest */;
			targetProxy = 96FB0B371D78275A000CB128 /* PBXContainerItemProxy */;
		};
/* End PBXTargetDependency section */

/* Begin PBXVariantGroup section */
		96FB0B1E1D78275A000CB128 /* Main.storyboard */ = {
			isa = PBXVariantGroup;
			children = (
				96FB0B1F1D78275A000CB128 /* Base */,
			);
			name = Main.storyboard;
			sourceTree = "<group>";
		};
		96FB0B231D78275A000CB128 /* LaunchScreen.storyboard */ = {
			isa = PBXVariantGroup;
			children = (
				96FB0B241D78275A000CB128 /* Base */,
			);
			name = LaunchScreen.storyboard;
			sourceTree = "<group>";
		};
/* End PBXVariantGroup section */

/* Begin XCBuildConfiguration section */
		96FB0B3D1D78275A000CB128 /* Debug */ = {
			isa = XCBuildConfiguration;
			buildSettings = {
				ALWAYS_SEARCH_USER_PATHS = NO;
				CLANG_ANALYZER_NONNULL = YES;
				CLANG_CXX_LANGUAGE_STANDARD = "gnu++0x";
				CLANG_CXX_LIBRARY = "libc++";
				CLANG_ENABLE_MODULES = YES;
				CLANG_ENABLE_OBJC_ARC = YES;
				CLANG_WARN_BOOL_CONVERSION = YES;
				CLANG_WARN_CONSTANT_CONVERSION = YES;
				CLANG_WARN_DIRECT_OBJC_ISA_USAGE = YES_ERROR;
				CLANG_WARN_EMPTY_BODY = YES;
				CLANG_WARN_ENUM_CONVERSION = YES;
				CLANG_WARN_INT_CONVERSION = YES;
				CLANG_WARN_OBJC_ROOT_CLASS = YES_ERROR;
				CLANG_WARN_UNREACHABLE_CODE = YES;
				CLANG_WARN__DUPLICATE_METHOD_MATCH = YES;
				"CODE_SIGN_IDENTITY[sdk=iphoneos*]" = "iPhone Developer";
				COPY_PHASE_STRIP = NO;
				DEBUG_INFORMATION_FORMAT = dwarf;
				ENABLE_STRICT_OBJC_MSGSEND = YES;
				ENABLE_TESTABILITY = YES;
				GCC_C_LANGUAGE_STANDARD = gnu99;
				GCC_DYNAMIC_NO_PIC = NO;
				GCC_NO_COMMON_BLOCKS = YES;
				GCC_OPTIMIZATION_LEVEL = 0;
				GCC_PREPROCESSOR_DEFINITIONS = (
					"DEBUG=1",
					"$(inherited)",
				);
				GCC_WARN_64_TO_32_BIT_CONVERSION = YES;
				GCC_WARN_ABOUT_RETURN_TYPE = YES_ERROR;
				GCC_WARN_UNDECLARED_SELECTOR = YES;
				GCC_WARN_UNINITIALIZED_AUTOS = YES_AGGRESSIVE;
				GCC_WARN_UNUSED_FUNCTION = YES;
				GCC_WARN_UNUSED_VARIABLE = YES;
				IPHONEOS_DEPLOYMENT_TARGET = 9.3;
				MTL_ENABLE_DEBUG_INFO = YES;
				ONLY_ACTIVE_ARCH = YES;
				SDKROOT = iphoneos;
				SWIFT_OPTIMIZATION_LEVEL = "-Onone";
				TARGETED_DEVICE_FAMILY = "1,2";
			};
			name = Debug;
		};
		96FB0B3E1D78275A000CB128 /* Release */ = {
			isa = XCBuildConfiguration;
			buildSettings = {
				ALWAYS_SEARCH_USER_PATHS = NO;
				CLANG_ANALYZER_NONNULL = YES;
				CLANG_CXX_LANGUAGE_STANDARD = "gnu++0x";
				CLANG_CXX_LIBRARY = "libc++";
				CLANG_ENABLE_MODULES = YES;
				CLANG_ENABLE_OBJC_ARC = YES;
				CLANG_WARN_BOOL_CONVERSION = YES;
				CLANG_WARN_CONSTANT_CONVERSION = YES;
				CLANG_WARN_DIRECT_OBJC_ISA_USAGE = YES_ERROR;
				CLANG_WARN_EMPTY_BODY = YES;
				CLANG_WARN_ENUM_CONVERSION = YES;
				CLANG_WARN_INT_CONVERSION = YES;
				CLANG_WARN_OBJC_ROOT_CLASS = YES_ERROR;
				CLANG_WARN_UNREACHABLE_CODE = YES;
				CLANG_WARN__DUPLICATE_METHOD_MATCH = YES;
				"CODE_SIGN_IDENTITY[sdk=iphoneos*]" = "iPhone Developer";
				COPY_PHASE_STRIP = NO;
				DEBUG_INFORMATION_FORMAT = "dwarf-with-dsym";
				ENABLE_NS_ASSERTIONS = NO;
				ENABLE_STRICT_OBJC_MSGSEND = YES;
				GCC_C_LANGUAGE_STANDARD = gnu99;
				GCC_NO_COMMON_BLOCKS = YES;
				GCC_WARN_64_TO_32_BIT_CONVERSION = YES;
				GCC_WARN_ABOUT_RETURN_TYPE = YES_ERROR;
				GCC_WARN_UNDECLARED_SELECTOR = YES;
				GCC_WARN_UNINITIALIZED_AUTOS = YES_AGGRESSIVE;
				GCC_WARN_UNUSED_FUNCTION = YES;
				GCC_WARN_UNUSED_VARIABLE = YES;
				IPHONEOS_DEPLOYMENT_TARGET = 9.3;
				MTL_ENABLE_DEBUG_INFO = NO;
				SDKROOT = iphoneos;
				TARGETED_DEVICE_FAMILY = "1,2";
				VALIDATE_PRODUCT = YES;
			};
			name = Release;
		};
		96FB0B401D78275A000CB128 /* Debug */ = {
			isa = XCBuildConfiguration;
			buildSettings = {
				ASSETCATALOG_COMPILER_APPICON_NAME = AppIcon;
				INFOPLIST_FILE = swiftTest/Info.plist;
				LD_RUNPATH_SEARCH_PATHS = "$(inherited) @executable_path/Frameworks";
				PRODUCT_BUNDLE_IDENTIFIER = www.yisao.com.swiftTest;
				PRODUCT_NAME = "$(TARGET_NAME)";
			};
			name = Debug;
		};
		96FB0B411D78275A000CB128 /* Release */ = {
			isa = XCBuildConfiguration;
			buildSettings = {
				ASSETCATALOG_COMPILER_APPICON_NAME = AppIcon;
				INFOPLIST_FILE = swiftTest/Info.plist;
				LD_RUNPATH_SEARCH_PATHS = "$(inherited) @executable_path/Frameworks";
				PRODUCT_BUNDLE_IDENTIFIER = www.yisao.com.swiftTest;
				PRODUCT_NAME = "$(TARGET_NAME)";
			};
			name = Release;
		};
		96FB0B431D78275A000CB128 /* Debug */ = {
			isa = XCBuildConfiguration;
			buildSettings = {
				BUNDLE_LOADER = "$(TEST_HOST)";
				INFOPLIST_FILE = swiftTestTests/Info.plist;
				LD_RUNPATH_SEARCH_PATHS = "$(inherited) @executable_path/Frameworks @loader_path/Frameworks";
				PRODUCT_BUNDLE_IDENTIFIER = www.yisao.com.swiftTestTests;
				PRODUCT_NAME = "$(TARGET_NAME)";
				TEST_HOST = "$(BUILT_PRODUCTS_DIR)/swiftTest.app/swiftTest";
			};
			name = Debug;
		};
		96FB0B441D78275A000CB128 /* Release */ = {
			isa = XCBuildConfiguration;
			buildSettings = {
				BUNDLE_LOADER = "$(TEST_HOST)";
				INFOPLIST_FILE = swiftTestTests/Info.plist;
				LD_RUNPATH_SEARCH_PATHS = "$(inherited) @executable_path/Frameworks @loader_path/Frameworks";
				PRODUCT_BUNDLE_IDENTIFIER = www.yisao.com.swiftTestTests;
				PRODUCT_NAME = "$(TARGET_NAME)";
				TEST_HOST = "$(BUILT_PRODUCTS_DIR)/swiftTest.app/swiftTest";
			};
			name = Release;
		};
		96FB0B461D78275A000CB128 /* Debug */ = {
			isa = XCBuildConfiguration;
			buildSettings = {
				INFOPLIST_FILE = swiftTestUITests/Info.plist;
				LD_RUNPATH_SEARCH_PATHS = "$(inherited) @executable_path/Frameworks @loader_path/Frameworks";
				PRODUCT_BUNDLE_IDENTIFIER = www.yisao.com.swiftTestUITests;
				PRODUCT_NAME = "$(TARGET_NAME)";
				TEST_TARGET_NAME = swiftTest;
			};
			name = Debug;
		};
		96FB0B471D78275A000CB128 /* Release */ = {
			isa = XCBuildConfiguration;
			buildSettings = {
				INFOPLIST_FILE = swiftTestUITests/Info.plist;
				LD_RUNPATH_SEARCH_PATHS = "$(inherited) @executable_path/Frameworks @loader_path/Frameworks";
				PRODUCT_BUNDLE_IDENTIFIER = www.yisao.com.swiftTestUITests;
				PRODUCT_NAME = "$(TARGET_NAME)";
				TEST_TARGET_NAME = swiftTest;
			};
			name = Release;
		};
/* End XCBuildConfiguration section */

/* Begin XCConfigurationList section */
		96FB0B121D78275A000CB128 /* Build configuration list for PBXProject "swiftTest" */ = {
			isa = XCConfigurationList;
			buildConfigurations = (
				96FB0B3D1D78275A000CB128 /* Debug */,
				96FB0B3E1D78275A000CB128 /* Release */,
			);
			defaultConfigurationIsVisible = 0;
			defaultConfigurationName = Release;
		};
		96FB0B3F1D78275A000CB128 /* Build configuration list for PBXNativeTarget "swiftTest" */ = {
			isa = XCConfigurationList;
			buildConfigurations = (
				96FB0B401D78275A000CB128 /* Debug */,
				96FB0B411D78275A000CB128 /* Release */,
			);
			defaultConfigurationIsVisible = 0;
		};
		96FB0B421D78275A000CB128 /* Build configuration list for PBXNativeTarget "swiftTestTests" */ = {
			isa = XCConfigurationList;
			buildConfigurations = (
				96FB0B431D78275A000CB128 /* Debug */,
				96FB0B441D78275A000CB128 /* Release */,
			);
			defaultConfigurationIsVisible = 0;
		};
		96FB0B451D78275A000CB128 /* Build configuration list for PBXNativeTarget "swiftTestUITests" */ = {
			isa = XCConfigurationList;
			buildConfigurations = (
				96FB0B461D78275A000CB128 /* Debug */,
				96FB0B471D78275A000CB128 /* Release */,
			);
			defaultConfigurationIsVisible = 0;
		};
/* End XCConfigurationList section */
	};
	rootObject = 96FB0B0F1D78275A000CB128 /* Project object */;
}
